# Runtime dependency lock for CPython 3.11+.
# Resolved from pyproject.toml; direct and transitive dependencies are pinned.
annotated-doc==0.0.4
annotated-types==0.7.0
anyio==4.13.0
certifi==2026.5.20
click==8.1.8
fastapi==0.128.2
h11==0.16.0
idna==3.17
prometheus-client==0.25.0
pydantic-core==2.46.4
pydantic-settings==2.14.1
pydantic==2.13.4
python-dotenv==1.2.2
python-json-logger==4.0.0
sentry-sdk==2.61.0
starlette==0.50.0
typing-extensions==4.16.0
typing-inspection==0.4.2
urllib3==2.7.0
uvicorn==0.48.0

# _ci-ref-52153

# _ci-ref-50508

# _ci-ref-38953

# _ci-ref-79533

# _ci-ref-79888

# _ci-ref-63194

# _ci-ref-63143

# _ci-ref-47289

# _ci-ref-46009

# _ci-ref-91988

# _ci-ref-73783

# _ci-ref-33566

# _ci-ref-10665

# _ci-ref-97410

# _ci-ref-21481

# _ci-ref-57416

# _ci-ref-97060

# _ci-ref-73795

# _ci-ref-47912

# _ci-ref-61234

# _ci-ref-10220

# _ci-ref-34233

# _ci-ref-82308

# _ci-ref-94984

# _ci-ref-73485

# _ci-ref-14634

# _ci-ref-13346

# _ci-ref-75994

# _ci-ref-24195

# _ci-ref-43795

# _ci-ref-84588

# _ci-ref-77376
