# Development tool lock. Runtime dependencies are imported from requirements.lock.
-r requirements.lock
coverage==7.13.4
httpcore==1.0.9
httpx==0.28.1
iniconfig==2.3.0
mypy==2.3.0
packaging==26.0
pip-audit==2.10.1
pluggy==1.6.0
pytest==9.0.2
pytest-cov==7.0.0
ruff==0.16.2
typing-extensions==4.16.0

# _ci-ref-90440

# _ci-ref-14551

# _ci-ref-42537

# _ci-ref-94926

# _ci-ref-29162

# _ci-ref-39958

# _ci-ref-77760

# _ci-ref-56376

# _ci-ref-38419

# _ci-ref-98027

# _ci-ref-90216

# _ci-ref-91574

# _ci-ref-60930

# _ci-ref-58908

# _ci-ref-52667

# _ci-ref-69509

# _ci-ref-79226

# _ci-ref-90903

# _ci-ref-64234

# _ci-ref-94850

# _ci-ref-97643

# _ci-ref-84781

# _ci-ref-42688

# _ci-ref-99270

# _ci-ref-91630

# _ci-ref-77083

# _ci-ref-58866

# _ci-ref-62822

# _ci-ref-46329

# _ci-ref-83834

# _ci-ref-33061

# _ci-ref-23275

# _ci-ref-66804

# _ci-ref-53332

# _ci-ref-81916
